{
    "_readme": [
        "This file locks the dependencies of your project to a known state",
        "Read more about it at https://getcomposer.org/doc/01-basic-usage.md#installing-dependencies",
        "This file is @generated automatically"
    ],
    "content-hash": "5dc0166696595b28fac83c584de8c08d",
    "packages": [
        {
            "name": "ahand/mobileesp",
            "version": "dev-master",
            "source": {
                "type": "git",
                "url": "https://github.com/ahand/mobileesp.git",
                "reference": "c02055dbe9baee63aab11438f4d7b5d25075d347"
            },
            "dist": {
                "type": "zip",
                "url": "https://api.github.com/repos/ahand/mobileesp/zipball/c02055dbe9baee63aab11438f4d7b5d25075d347",
                "reference": "c02055dbe9baee63aab11438f4d7b5d25075d347",
                "shasum": ""
            },
            "default-branch": true,
            "type": "library",
            "autoload": {
                "classmap": [
                    "PHP"
                ]
            },
            "notification-url": "https://packagist.org/downloads/",
            "license": [
                "Apache-2.0"
            ],
            "authors": [
                {
                    "name": "Anthony Hand",
                    "email": "anthony.hand@gmail.com",
                    "role": "Maintainer"
                }
            ],
            "description": "Since 2008, MobileESP provides web site developers an easy-to-use and lightweight API for detecting whether visitors are using a mobile device, and if so, what kind. The APIs provide simple boolean results ('true' or 'false') for identifying individual device categories (such as iPhone, BlackBerry, Android, and Windows Mobile), device capabilities (e.g., J2ME), and broad classes of devices, such as 'iPhone Tier' (iPhone/Android/Tizen) or 'Tablet Tier.' APIs are available in PHP, JavaScript, Java, C#, Ruby Python, and more.",
            "homepage": "http://www.mobileesp.org",
            "keywords": [
                "Mobile-Detect",
                "browser",
                "detect android",
                "detect ipad",
                "detect iphone",
                "detect tablet",
                "mobile",
                "mobile detect",
                "mobile detector",
                "mobile device",
                "mobile esp",
                "mobile redirect",
                "mobile view managing",
                "mobiledetect",
                "responsive web",
                "user agent",
                "useragent"
            ],
            "support": {
                "issues": "https://github.com/ahand/mobileesp/issues",
                "source": "https://github.com/ahand/mobileesp/"
            },
            "time": "2017-06-06T22:20:56+00:00"
        },
        {
            "name": "cweagans/composer-configurable-plugin",
            "version": "2.0.0",
            "source": {
                "type": "git",
                "url": "https://github.com/cweagans/composer-configurable-plugin.git",
                "reference": "15433906511a108a1806710e988629fd24b89974"
            },
            "dist": {
                "type": "zip",
                "url": "https://api.github.com/repos/cweagans/composer-configurable-plugin/zipball/15433906511a108a1806710e988629fd24b89974",
                "reference": "15433906511a108a1806710e988629fd24b89974",
                "shasum": ""
            },
            "require": {
                "php": ">=8.0.0"
            },
            "require-dev": {
                "codeception/codeception": "~4.0",
                "codeception/module-asserts": "^2.0",
                "composer/composer": "~2.0",
                "php-coveralls/php-coveralls": "~2.0",
                "php-parallel-lint/php-parallel-lint": "^1.0.0",
                "phpro/grumphp": "^1.8.0",
                "sebastian/phpcpd": "^6.0",
                "squizlabs/php_codesniffer": "^3.0"
            },
            "type": "library",
            "autoload": {
                "psr-4": {
                    "cweagans\\Composer\\": "src"
                }
            },
            "notification-url": "https://packagist.org/downloads/",
            "license": [
                "BSD-3-Clause"
            ],
            "authors": [
                {
                    "name": "Cameron Eagans",
                    "email": "me@cweagans.net"
                }
            ],
            "description": "Provides a lightweight configuration system for Composer plugins.",
            "support": {
                "issues": "https://github.com/cweagans/composer-configurable-plugin/issues",
                "source": "https://github.com/cweagans/composer-configurable-plugin/tree/2.0.0"
            },
            "funding": [
                {
                    "url": "https://github.com/cweagans",
                    "type": "github"
                }
            ],
            "time": "2023-02-12T04:58:58+00:00"
        },
        {
            "name": "cweagans/composer-patches",
            "version": "2.0.0-beta2",
            "source": {
                "type": "git",
                "url": "https://github.com/cweagans/composer-patches.git",
                "reference": "ac383664c9456e63774c7c58626ba8665574d314"
            },
            "dist": {
                "type": "zip",
                "url": "https://api.github.com/repos/cweagans/composer-patches/zipball/ac383664c9456e63774c7c58626ba8665574d314",
                "reference": "ac383664c9456e63774c7c58626ba8665574d314",
                "shasum": ""
            },
            "require": {
                "composer-plugin-api": "^2.0",
                "cweagans/composer-configurable-plugin": "^2.0",
                "ext-json": "*",
                "php": ">=8.0.0"
            },
            "require-dev": {
                "codeception/codeception": "~4.0",
                "codeception/module-asserts": "^2.0",
                "codeception/module-cli": "^2.0",
                "codeception/module-filesystem": "^2.0",
                "composer/composer": "~2.0",
                "php-coveralls/php-coveralls": "~2.0",
                "php-parallel-lint/php-parallel-lint": "^1.0.0",
                "phpro/grumphp": "^1.8.0",
                "sebastian/phpcpd": "^6.0",
                "squizlabs/php_codesniffer": "^3.0"
            },
            "type": "composer-plugin",
            "extra": {
                "class": "cweagans\\Composer\\Plugin\\Patches",
                "_": "The following two lines ensure that composer-patches is loaded as early as possible.",
                "plugin-modifies-downloads": true,
                "plugin-modifies-install-path": true
            },
            "autoload": {
                "psr-4": {
                    "cweagans\\Composer\\": "src"
                }
            },
            "notification-url": "https://packagist.org/downloads/",
            "license": [
                "BSD-3-Clause"
            ],
            "authors": [
                {
                    "name": "Cameron Eagans",
                    "email": "me@cweagans.net"
                }
            ],
            "description": "Provides a way to patch Composer packages.",
            "support": {
                "issues": "https://github.com/cweagans/composer-patches/issues",
                "source": "https://github.com/cweagans/composer-patches/tree/2.0.0-beta2"
            },
            "funding": [
                {
                    "url": "https://github.com/cweagans",
                    "type": "github"
                }
            ],
            "time": "2024-02-14T03:42:12+00:00"
        },
        {
            "name": "jcupitt/vips",
            "version": "dev-master",
            "source": {
                "type": "git",
                "url": "https://github.com/libvips/php-vips.git",
                "reference": "a8cc66c421f5b71568f9cf52a5bfcb818af52142"
            },
            "dist": {
                "type": "zip",
                "url": "https://api.github.com/repos/libvips/php-vips/zipball/a8cc66c421f5b71568f9cf52a5bfcb818af52142",
                "reference": "a8cc66c421f5b71568f9cf52a5bfcb818af52142",
                "shasum": ""
            },
            "require": {
                "ext-ffi": "*",
                "php": ">=7.4",
                "psr/log": "^1.1.3|^2.0|^3.0"
            },
            "require-dev": {
                "php-parallel-lint/php-parallel-lint": "^1.3",
                "phpdocumentor/shim": "^3.3",
                "phpunit/phpunit": "^9.5",
                "squizlabs/php_codesniffer": "^3.7"
            },
            "default-branch": true,
            "type": "library",
            "extra": {
                "branch-alias": {
                    "dev-master": "2.0.x-dev"
                }
            },
            "autoload": {
                "psr-4": {
                    "Jcupitt\\Vips\\": "src"
                }
            },
            "notification-url": "https://packagist.org/downloads/",
            "license": [
                "MIT"
            ],
            "authors": [
                {
                    "name": "John Cupitt",
                    "email": "jcupitt@gmail.com",
                    "homepage": "https://github.com/jcupitt",
                    "role": "Developer"
                }
            ],
            "description": "A high-level interface to the libvips image processing library.",
            "homepage": "https://github.com/libvips/php-vips",
            "keywords": [
                "image",
                "libvips",
                "processing"
            ],
            "support": {
                "issues": "https://github.com/libvips/php-vips/issues",
                "source": "https://github.com/libvips/php-vips/tree/master"
            },
            "time": "2024-10-12T13:37:22+00:00"
        },
        {
            "name": "katzgrau/klogger",
            "version": "1.2.2",
            "source": {
                "type": "git",
                "url": "https://github.com/katzgrau/KLogger.git",
                "reference": "36481c69db9305169a2ceadead25c2acaabd567c"
            },
            "dist": {
                "type": "zip",
                "url": "https://api.github.com/repos/katzgrau/KLogger/zipball/36481c69db9305169a2ceadead25c2acaabd567c",
                "reference": "36481c69db9305169a2ceadead25c2acaabd567c",
                "shasum": ""
            },
            "require": {
                "php": ">=5.3",
                "psr/log": "^1.0.0"
            },
            "require-dev": {
                "phpunit/phpunit": "^6.0.0"
            },
            "type": "library",
            "autoload": {
                "psr-4": {
                    "Katzgrau\\KLogger\\": "src/"
                },
                "classmap": [
                    "src/"
                ]
            },
            "notification-url": "https://packagist.org/downloads/",
            "license": [
                "MIT"
            ],
            "authors": [
                {
                    "name": "Kenny Katzgrau",
                    "email": "katzgrau@gmail.com"
                },
                {
                    "name": "Dan Horrigan",
                    "email": "dan@dhorrigan.com"
                }
            ],
            "description": "A Simple Logging Class",
            "keywords": [
                "logging"
            ],
            "support": {
                "issues": "https://github.com/katzgrau/KLogger/issues",
                "source": "https://github.com/katzgrau/KLogger/tree/1.2.2"
            },
            "time": "2022-07-29T20:41:14+00:00"
        },
        {
            "name": "openpsa/universalfeedcreator",
            "version": "v1.9.0",
            "source": {
                "type": "git",
                "url": "https://github.com/flack/UniversalFeedCreator.git",
                "reference": "c55f908e867aa6dade0905b8aefb94fd9d8c1f9e"
            },
            "dist": {
                "type": "zip",
                "url": "https://api.github.com/repos/flack/UniversalFeedCreator/zipball/c55f908e867aa6dade0905b8aefb94fd9d8c1f9e",
                "reference": "c55f908e867aa6dade0905b8aefb94fd9d8c1f9e",
                "shasum": ""
            },
            "require": {
                "php": ">=5.2"
            },
            "require-dev": {
                "phpunit/phpunit": "^6.5.14 || ^7.5.20 || ^8.5.32 || ^9.5.10"
            },
            "type": "library",
            "autoload": {
                "files": [
                    "lib/constants.php"
                ],
                "classmap": [
                    "lib"
                ]
            },
            "notification-url": "https://packagist.org/downloads/",
            "license": [
                "LGPL-2.1-or-later"
            ],
            "authors": [
                {
                    "name": "Andreas Flack",
                    "email": "flack@contentcontrol-berlin.de",
                    "homepage": "http://www.contentcontrol-berlin.de/"
                }
            ],
            "description": "RSS and Atom feed generator by Kai Blankenhorn",
            "keywords": [
                "atom",
                "georss",
                "gpx",
                "opml",
                "pie",
                "rss"
            ],
            "support": {
                "issues": "https://github.com/flack/UniversalFeedCreator/issues",
                "source": "https://github.com/flack/UniversalFeedCreator/tree/v1.9.0"
            },
            "time": "2024-02-22T11:08:24+00:00"
        },
        {
            "name": "pclzip/pclzip",
            "version": "2.8.2",
            "source": {
                "type": "git",
                "url": "https://github.com/ivanlanin/pclzip.git",
                "reference": "19dd1de9d3f5fc4d7d70175b4c344dee329f45fd"
            },
            "dist": {
                "type": "zip",
                "url": "https://api.github.com/repos/ivanlanin/pclzip/zipball/19dd1de9d3f5fc4d7d70175b4c344dee329f45fd",
                "reference": "19dd1de9d3f5fc4d7d70175b4c344dee329f45fd",
                "shasum": ""
            },
            "type": "library",
            "autoload": {
                "classmap": [
                    "pclzip.lib.php"
                ]
            },
            "notification-url": "https://packagist.org/downloads/",
            "license": [
                "LGPL-2.1"
            ],
            "authors": [
                {
                    "name": "Vincent Blavet"
                }
            ],
            "description": "A PHP library that offers compression and extraction functions for Zip formatted archives",
            "homepage": "http://www.phpconcept.net/pclzip",
            "keywords": [
                "php",
                "zip"
            ],
            "support": {
                "issues": "https://github.com/ivanlanin/pclzip/issues",
                "source": "https://github.com/ivanlanin/pclzip/tree/master"
            },
            "time": "2014-06-05T11:42:24+00:00"
        },
        {
            "name": "pelago/emogrifier",
            "version": "v7.3.0",
            "source": {
                "type": "git",
                "url": "https://github.com/MyIntervals/emogrifier.git",
                "reference": "6e00d9d8235e8cc8eec857e8dcd6cfeefdfd0cd6"
            },
            "dist": {
                "type": "zip",
                "url": "https://api.github.com/repos/MyIntervals/emogrifier/zipball/6e00d9d8235e8cc8eec857e8dcd6cfeefdfd0cd6",
                "reference": "6e00d9d8235e8cc8eec857e8dcd6cfeefdfd0cd6",
                "shasum": ""
            },
            "require": {
                "ext-dom": "*",
                "ext-libxml": "*",
                "php": "~7.3.0 || ~7.4.0 || ~8.0.0 || ~8.1.0 || ~8.2.0 || ~8.3.0 || ~8.4.0",
                "sabberworm/php-css-parser": "^8.7.0",
                "symfony/css-selector": "^4.4.23 || ^5.4.0 || ^6.0.0 || ^7.0.0"
            },
            "require-dev": {
                "php-parallel-lint/php-parallel-lint": "1.4.0",
                "phpstan/extension-installer": "1.4.3",
                "phpstan/phpstan": "1.12.7",
                "phpstan/phpstan-phpunit": "1.4.0",
                "phpstan/phpstan-strict-rules": "1.6.1",
                "phpunit/phpunit": "9.6.21",
                "rawr/cross-data-providers": "2.4.0"
            },
            "type": "library",
            "extra": {
                "branch-alias": {
                    "dev-main": "8.0.x-dev"
                }
            },
            "autoload": {
                "psr-4": {
                    "Pelago\\Emogrifier\\": "src/"
                }
            },
            "notification-url": "https://packagist.org/downloads/",
            "license": [
                "MIT"
            ],
            "authors": [
                {
                    "name": "Oliver Klee",
                    "email": "github@oliverklee.de"
                },
                {
                    "name": "Zoli Szabó",
                    "email": "zoli.szabo+github@gmail.com"
                },
                {
                    "name": "John Reeve",
                    "email": "jreeve@pelagodesign.com"
                },
                {
                    "name": "Jake Hotson",
                    "email": "jake.github@qzdesign.co.uk"
                },
                {
                    "name": "Cameron Brooks"
                },
                {
                    "name": "Jaime Prado"
                }
            ],
            "description": "Converts CSS styles into inline style attributes in your HTML code",
            "homepage": "https://www.myintervals.com/emogrifier.php",
            "keywords": [
                "css",
                "email",
                "pre-processing"
            ],
            "support": {
                "issues": "https://github.com/MyIntervals/emogrifier/issues",
                "source": "https://github.com/MyIntervals/emogrifier"
            },
            "time": "2024-10-28T16:12:26+00:00"
        },
        {
            "name": "phpmailer/phpmailer",
            "version": "v6.9.2",
            "source": {
                "type": "git",
                "url": "https://github.com/PHPMailer/PHPMailer.git",
                "reference": "a7b17b42fa4887c92146243f3d2f4ccb962af17c"
            },
            "dist": {
                "type": "zip",
                "url": "https://api.github.com/repos/PHPMailer/PHPMailer/zipball/a7b17b42fa4887c92146243f3d2f4ccb962af17c",
                "reference": "a7b17b42fa4887c92146243f3d2f4ccb962af17c",
                "shasum": ""
            },
            "require": {
                "ext-ctype": "*",
                "ext-filter": "*",
                "ext-hash": "*",
                "php": ">=5.5.0"
            },
            "require-dev": {
                "dealerdirect/phpcodesniffer-composer-installer": "^1.0",
                "doctrine/annotations": "^1.2.6 || ^1.13.3",
                "php-parallel-lint/php-console-highlighter": "^1.0.0",
                "php-parallel-lint/php-parallel-lint": "^1.3.2",
                "phpcompatibility/php-compatibility": "^9.3.5",
                "roave/security-advisories": "dev-latest",
                "squizlabs/php_codesniffer": "^3.7.2",
                "yoast/phpunit-polyfills": "^1.0.4"
            },
            "suggest": {
                "decomplexity/SendOauth2": "Adapter for using XOAUTH2 authentication",
                "ext-mbstring": "Needed to send email in multibyte encoding charset or decode encoded addresses",
                "ext-openssl": "Needed for secure SMTP sending and DKIM signing",
                "greew/oauth2-azure-provider": "Needed for Microsoft Azure XOAUTH2 authentication",
                "hayageek/oauth2-yahoo": "Needed for Yahoo XOAUTH2 authentication",
                "league/oauth2-google": "Needed for Google XOAUTH2 authentication",
                "psr/log": "For optional PSR-3 debug logging",
                "symfony/polyfill-mbstring": "To support UTF-8 if the Mbstring PHP extension is not enabled (^1.2)",
                "thenetworg/oauth2-azure": "Needed for Microsoft XOAUTH2 authentication"
            },
            "type": "library",
            "autoload": {
                "psr-4": {
                    "PHPMailer\\PHPMailer\\": "src/"
                }
            },
            "notification-url": "https://packagist.org/downloads/",
            "license": [
                "LGPL-2.1-only"
            ],
            "authors": [
                {
                    "name": "Marcus Bointon",
                    "email": "phpmailer@synchromedia.co.uk"
                },
                {
                    "name": "Jim Jagielski",
                    "email": "jimjag@gmail.com"
                },
                {
                    "name": "Andy Prevost",
                    "email": "codeworxtech@users.sourceforge.net"
                },
                {
                    "name": "Brent R. Matzelle"
                }
            ],
            "description": "PHPMailer is a full-featured email creation and transfer class for PHP",
            "support": {
                "issues": "https://github.com/PHPMailer/PHPMailer/issues",
                "source": "https://github.com/PHPMailer/PHPMailer/tree/v6.9.2"
            },
            "funding": [
                {
                    "url": "https://github.com/Synchro",
                    "type": "github"
                }
            ],
            "time": "2024-10-09T10:07:50+00:00"
        },
        {
            "name": "psr/log",
            "version": "1.1.4",
            "source": {
                "type": "git",
                "url": "https://github.com/php-fig/log.git",
                "reference": "d49695b909c3b7628b6289db5479a1c204601f11"
            },
            "dist": {
                "type": "zip",
                "url": "https://api.github.com/repos/php-fig/log/zipball/d49695b909c3b7628b6289db5479a1c204601f11",
                "reference": "d49695b909c3b7628b6289db5479a1c204601f11",
                "shasum": ""
            },
            "require": {
                "php": ">=5.3.0"
            },
            "type": "library",
            "extra": {
                "branch-alias": {
                    "dev-master": "1.1.x-dev"
                }
            },
            "autoload": {
                "psr-4": {
                    "Psr\\Log\\": "Psr/Log/"
                }
            },
            "notification-url": "https://packagist.org/downloads/",
            "license": [
                "MIT"
            ],
            "authors": [
                {
                    "name": "PHP-FIG",
                    "homepage": "https://www.php-fig.org/"
                }
            ],
            "description": "Common interface for logging libraries",
            "homepage": "https://github.com/php-fig/log",
            "keywords": [
                "log",
                "psr",
                "psr-3"
            ],
            "support": {
                "source": "https://github.com/php-fig/log/tree/1.1.4"
            },
            "time": "2021-05-03T11:20:27+00:00"
        },
        {
            "name": "sabberworm/php-css-parser",
            "version": "v8.7.0",
            "source": {
                "type": "git",
                "url": "https://github.com/MyIntervals/PHP-CSS-Parser.git",
                "reference": "f414ff953002a9b18e3a116f5e462c56f21237cf"
            },
            "dist": {
                "type": "zip",
                "url": "https://api.github.com/repos/MyIntervals/PHP-CSS-Parser/zipball/f414ff953002a9b18e3a116f5e462c56f21237cf",
                "reference": "f414ff953002a9b18e3a116f5e462c56f21237cf",
                "shasum": ""
            },
            "require": {
                "ext-iconv": "*",
                "php": "^5.6.20 || ^7.0.0 || ~8.0.0 || ~8.1.0 || ~8.2.0 || ~8.3.0 || ~8.4.0"
            },
            "require-dev": {
                "phpunit/phpunit": "5.7.27 || 6.5.14 || 7.5.20 || 8.5.40"
            },
            "suggest": {
                "ext-mbstring": "for parsing UTF-8 CSS"
            },
            "type": "library",
            "extra": {
                "branch-alias": {
                    "dev-main": "9.0.x-dev"
                }
            },
            "autoload": {
                "psr-4": {
                    "Sabberworm\\CSS\\": "src/"
                }
            },
            "notification-url": "https://packagist.org/downloads/",
            "license": [
                "MIT"
            ],
            "authors": [
                {
                    "name": "Raphael Schweikert"
                },
                {
                    "name": "Oliver Klee",
                    "email": "github@oliverklee.de"
                },
                {
                    "name": "Jake Hotson",
                    "email": "jake.github@qzdesign.co.uk"
                }
            ],
            "description": "Parser for CSS Files written in PHP",
            "homepage": "https://www.sabberworm.com/blog/2010/6/10/php-css-parser",
            "keywords": [
                "css",
                "parser",
                "stylesheet"
            ],
            "support": {
                "issues": "https://github.com/MyIntervals/PHP-CSS-Parser/issues",
                "source": "https://github.com/MyIntervals/PHP-CSS-Parser/tree/v8.7.0"
            },
            "time": "2024-10-27T17:38:32+00:00"
        },
        {
            "name": "smarty/smarty",
            "version": "v4.5.4",
            "source": {
                "type": "git",
                "url": "https://github.com/smarty-php/smarty.git",
                "reference": "c11676e85aa71bc7c3cd9100f1655a9f4d14616e"
            },
            "dist": {
                "type": "zip",
                "url": "https://api.github.com/repos/smarty-php/smarty/zipball/c11676e85aa71bc7c3cd9100f1655a9f4d14616e",
                "reference": "c11676e85aa71bc7c3cd9100f1655a9f4d14616e",
                "shasum": ""
            },
            "require": {
                "php": "^7.1 || ^8.0"
            },
            "require-dev": {
                "phpunit/phpunit": "^8.5 || ^7.5",
                "smarty/smarty-lexer": "^3.1"
            },
            "type": "library",
            "extra": {
                "branch-alias": {
                    "dev-master": "4.0.x-dev"
                }
            },
            "autoload": {
                "classmap": [
                    "libs/"
                ]
            },
            "notification-url": "https://packagist.org/downloads/",
            "license": [
                "LGPL-3.0"
            ],
            "authors": [
                {
                    "name": "Monte Ohrt",
                    "email": "monte@ohrt.com"
                },
                {
                    "name": "Uwe Tews",
                    "email": "uwe.tews@googlemail.com"
                },
                {
                    "name": "Rodney Rehm",
                    "email": "rodney.rehm@medialize.de"
                },
                {
                    "name": "Simon Wisselink",
                    "homepage": "https://www.iwink.nl/"
                }
            ],
            "description": "Smarty - the compiling PHP template engine",
            "homepage": "https://smarty-php.github.io/smarty/",
            "keywords": [
                "templating"
            ],
            "support": {
                "forum": "https://github.com/smarty-php/smarty/discussions",
                "issues": "https://github.com/smarty-php/smarty/issues",
                "source": "https://github.com/smarty-php/smarty/tree/v4.5.4"
            },
            "time": "2024-08-14T20:04:35+00:00"
        },
        {
            "name": "symfony/css-selector",
            "version": "v7.1.6",
            "source": {
                "type": "git",
                "url": "https://github.com/symfony/css-selector.git",
                "reference": "4aa4f6b3d6749c14d3aa815eef8226632e7bbc66"
            },
            "dist": {
                "type": "zip",
                "url": "https://api.github.com/repos/symfony/css-selector/zipball/4aa4f6b3d6749c14d3aa815eef8226632e7bbc66",
                "reference": "4aa4f6b3d6749c14d3aa815eef8226632e7bbc66",
                "shasum": ""
            },
            "require": {
                "php": ">=8.2"
            },
            "type": "library",
            "autoload": {
                "psr-4": {
                    "Symfony\\Component\\CssSelector\\": ""
                },
                "exclude-from-classmap": [
                    "/Tests/"
                ]
            },
            "notification-url": "https://packagist.org/downloads/",
            "license": [
                "MIT"
            ],
            "authors": [
                {
                    "name": "Fabien Potencier",
                    "email": "fabien@symfony.com"
                },
                {
                    "name": "Jean-François Simon",
                    "email": "jeanfrancois.simon@sensiolabs.com"
                },
                {
                    "name": "Symfony Community",
                    "homepage": "https://symfony.com/contributors"
                }
            ],
            "description": "Converts CSS selectors to XPath expressions",
            "homepage": "https://symfony.com",
            "support": {
                "source": "https://github.com/symfony/css-selector/tree/v7.1.6"
            },
            "funding": [
                {
                    "url": "https://symfony.com/sponsor",
                    "type": "custom"
                },
                {
                    "url": "https://github.com/fabpot",
                    "type": "github"
                },
                {
                    "url": "https://tidelift.com/funding/github/packagist/symfony/symfony",
                    "type": "tidelift"
                }
            ],
            "time": "2024-09-25T14:20:29+00:00"
        },
        {
            "name": "tedivm/jshrink",
            "version": "v1.7.0",
            "source": {
                "type": "git",
                "url": "https://github.com/tedious/JShrink.git",
                "reference": "7a35f5a4651ca2ce77295eb8a3b4e133ba47e19e"
            },
            "dist": {
                "type": "zip",
                "url": "https://api.github.com/repos/tedious/JShrink/zipball/7a35f5a4651ca2ce77295eb8a3b4e133ba47e19e",
                "reference": "7a35f5a4651ca2ce77295eb8a3b4e133ba47e19e",
                "shasum": ""
            },
            "require": {
                "php": "^7.0|^8.0"
            },
            "require-dev": {
                "friendsofphp/php-cs-fixer": "^3.14",
                "php-coveralls/php-coveralls": "^2.5.0",
                "phpunit/phpunit": "^9|^10"
            },
            "type": "library",
            "autoload": {
                "psr-0": {
                    "JShrink": "src/"
                }
            },
            "notification-url": "https://packagist.org/downloads/",
            "license": [
                "BSD-3-Clause"
            ],
            "authors": [
                {
                    "name": "Robert Hafner",
                    "email": "tedivm@tedivm.com"
                }
            ],
            "description": "Javascript Minifier built in PHP",
            "homepage": "http://github.com/tedious/JShrink",
            "keywords": [
                "javascript",
                "minifier"
            ],
            "support": {
                "issues": "https://github.com/tedious/JShrink/issues",
                "source": "https://github.com/tedious/JShrink/tree/v1.7.0"
            },
            "funding": [
                {
                    "url": "https://github.com/tedivm",
                    "type": "github"
                },
                {
                    "url": "https://tidelift.com/funding/github/packagist/tedivm/jshrink",
                    "type": "tidelift"
                }
            ],
            "time": "2023-10-04T17:23:23+00:00"
        },
        {
            "name": "tubalmartin/cssmin",
            "version": "v4.1.1",
            "source": {
                "type": "git",
                "url": "https://github.com/tubalmartin/YUI-CSS-compressor-PHP-port.git",
                "reference": "3cbf557f4079d83a06f9c3ff9b957c022d7805cf"
            },
            "dist": {
                "type": "zip",
                "url": "https://api.github.com/repos/tubalmartin/YUI-CSS-compressor-PHP-port/zipball/3cbf557f4079d83a06f9c3ff9b957c022d7805cf",
                "reference": "3cbf557f4079d83a06f9c3ff9b957c022d7805cf",
                "shasum": ""
            },
            "require": {
                "ext-pcre": "*",
                "php": ">=5.3.2"
            },
            "require-dev": {
                "cogpowered/finediff": "0.3.*",
                "phpunit/phpunit": "4.8.*"
            },
            "bin": [
                "cssmin"
            ],
            "type": "library",
            "autoload": {
                "psr-4": {
                    "tubalmartin\\CssMin\\": "src"
                }
            },
            "notification-url": "https://packagist.org/downloads/",
            "license": [
                "BSD-3-Clause"
            ],
            "authors": [
                {
                    "name": "Túbal Martín",
                    "homepage": "http://tubalmartin.me/"
                }
            ],
            "description": "A PHP port of the YUI CSS compressor",
            "homepage": "https://github.com/tubalmartin/YUI-CSS-compressor-PHP-port",
            "keywords": [
                "compress",
                "compressor",
                "css",
                "cssmin",
                "minify",
                "yui"
            ],
            "support": {
                "issues": "https://github.com/tubalmartin/YUI-CSS-compressor-PHP-port/issues",
                "source": "https://github.com/tubalmartin/YUI-CSS-compressor-PHP-port"
            },
            "time": "2018-01-15T15:26:51+00:00"
        }
    ],
    "packages-dev": [
        {
            "name": "phpstan/phpstan",
            "version": "1.12.7",
            "source": {
                "type": "git",
                "url": "https://github.com/phpstan/phpstan.git",
                "reference": "dc2b9976bd8b0f84ec9b0e50cc35378551de7af0"
            },
            "dist": {
                "type": "zip",
                "url": "https://api.github.com/repos/phpstan/phpstan/zipball/dc2b9976bd8b0f84ec9b0e50cc35378551de7af0",
                "reference": "dc2b9976bd8b0f84ec9b0e50cc35378551de7af0",
                "shasum": ""
            },
            "require": {
                "php": "^7.2|^8.0"
            },
            "conflict": {
                "phpstan/phpstan-shim": "*"
            },
            "bin": [
                "phpstan",
                "phpstan.phar"
            ],
            "type": "library",
            "autoload": {
                "files": [
                    "bootstrap.php"
                ]
            },
            "notification-url": "https://packagist.org/downloads/",
            "license": [
                "MIT"
            ],
            "description": "PHPStan - PHP Static Analysis Tool",
            "keywords": [
                "dev",
                "static analysis"
            ],
            "support": {
                "docs": "https://phpstan.org/user-guide/getting-started",
                "forum": "https://github.com/phpstan/phpstan/discussions",
                "issues": "https://github.com/phpstan/phpstan/issues",
                "security": "https://github.com/phpstan/phpstan/security/policy",
                "source": "https://github.com/phpstan/phpstan-src"
            },
            "funding": [
                {
                    "url": "https://github.com/ondrejmirtes",
                    "type": "github"
                },
                {
                    "url": "https://github.com/phpstan",
                    "type": "github"
                }
            ],
            "time": "2024-10-18T11:12:07+00:00"
        }
    ],
    "aliases": [],
    "minimum-stability": "beta",
    "stability-flags": {
        "ahand/mobileesp": 20,
        "cweagans/composer-patches": 10,
        "jcupitt/vips": 20
    },
    "prefer-stable": true,
    "prefer-lowest": false,
    "platform": {
        "php": "^8.3"
    },
    "platform-dev": {},
    "plugin-api-version": "2.6.0"
}
