{
    "_readme": [
        "This file locks the dependencies of your project to a known state",
        "Read more about it at https://getcomposer.org/doc/01-basic-usage.md#installing-dependencies",
        "This file is @generated automatically"
    ],
    "content-hash": "af600eca64f58af3e008e91a01a65fde",
    "packages": [
        {
            "name": "ahand/mobileesp",
            "version": "dev-master",
            "source": {
                "type": "git",
                "url": "https://github.com/ahand/mobileesp.git",
                "reference": "c02055dbe9baee63aab11438f4d7b5d25075d347"
            },
            "dist": {
                "type": "zip",
                "url": "https://api.github.com/repos/ahand/mobileesp/zipball/c02055dbe9baee63aab11438f4d7b5d25075d347",
                "reference": "c02055dbe9baee63aab11438f4d7b5d25075d347",
                "shasum": ""
            },
            "default-branch": true,
            "type": "library",
            "autoload": {
                "classmap": [
                    "PHP"
                ]
            },
            "notification-url": "https://packagist.org/downloads/",
            "license": [
                "Apache-2.0"
            ],
            "authors": [
                {
                    "name": "Anthony Hand",
                    "email": "anthony.hand@gmail.com",
                    "role": "Maintainer"
                }
            ],
            "description": "Since 2008, MobileESP provides web site developers an easy-to-use and lightweight API for detecting whether visitors are using a mobile device, and if so, what kind. The APIs provide simple boolean results ('true' or 'false') for identifying individual device categories (such as iPhone, BlackBerry, Android, and Windows Mobile), device capabilities (e.g., J2ME), and broad classes of devices, such as 'iPhone Tier' (iPhone/Android/Tizen) or 'Tablet Tier.' APIs are available in PHP, JavaScript, Java, C#, Ruby Python, and more.",
            "homepage": "http://www.mobileesp.org",
            "keywords": [
                "Mobile-Detect",
                "browser",
                "detect android",
                "detect ipad",
                "detect iphone",
                "detect tablet",
                "mobile",
                "mobile detect",
                "mobile detector",
                "mobile device",
                "mobile esp",
                "mobile redirect",
                "mobile view managing",
                "mobiledetect",
                "responsive web",
                "user agent",
                "useragent"
            ],
            "support": {
                "issues": "https://github.com/ahand/mobileesp/issues",
                "source": "https://github.com/ahand/mobileesp/"
            },
            "time": "2017-06-06T22:20:56+00:00"
        }
    ],
    "packages-dev": [],
    "aliases": [],
    "minimum-stability": "beta",
    "stability-flags": {
        "ahand/mobileesp": 20
    },
    "prefer-stable": true,
    "prefer-lowest": false,
    "platform": {
        "php": "^8.3"
    },
    "platform-dev": {},
    "plugin-api-version": "2.6.0"
}
