{
    "_readme": [
        "This file locks the dependencies of your project to a known state",
        "Read more about it at https://getcomposer.org/doc/01-basic-usage.md#installing-dependencies",
        "This file is @generated automatically"
    ],
    "content-hash": "ce496ee1f95cc0f21eec282d20eeb206",
    "packages": [
        {
            "name": "ahand/mobileesp",
            "version": "dev-master",
            "source": {
                "type": "git",
                "url": "https://github.com/ahand/mobileesp.git",
                "reference": "c02055dbe9baee63aab11438f4d7b5d25075d347"
            },
            "dist": {
                "type": "zip",
                "url": "https://api.github.com/repos/ahand/mobileesp/zipball/c02055dbe9baee63aab11438f4d7b5d25075d347",
                "reference": "c02055dbe9baee63aab11438f4d7b5d25075d347",
                "shasum": ""
            },
            "default-branch": true,
            "type": "library",
            "autoload": {
                "classmap": [
                    "PHP"
                ]
            },
            "notification-url": "https://packagist.org/downloads/",
            "license": [
                "Apache-2.0"
            ],
            "authors": [
                {
                    "name": "Anthony Hand",
                    "email": "anthony.hand@gmail.com",
                    "role": "Maintainer"
                }
            ],
            "description": "Since 2008, MobileESP provides web site developers an easy-to-use and lightweight API for detecting whether visitors are using a mobile device, and if so, what kind. The APIs provide simple boolean results ('true' or 'false') for identifying individual device categories (such as iPhone, BlackBerry, Android, and Windows Mobile), device capabilities (e.g., J2ME), and broad classes of devices, such as 'iPhone Tier' (iPhone/Android/Tizen) or 'Tablet Tier.' APIs are available in PHP, JavaScript, Java, C#, Ruby Python, and more.",
            "homepage": "http://www.mobileesp.org",
            "keywords": [
                "Mobile-Detect",
                "browser",
                "detect android",
                "detect ipad",
                "detect iphone",
                "detect tablet",
                "mobile",
                "mobile detect",
                "mobile detector",
                "mobile device",
                "mobile esp",
                "mobile redirect",
                "mobile view managing",
                "mobiledetect",
                "responsive web",
                "user agent",
                "useragent"
            ],
            "support": {
                "issues": "https://github.com/ahand/mobileesp/issues",
                "source": "https://github.com/ahand/mobileesp/"
            },
            "time": "2017-06-06T22:20:56+00:00"
        },
        {
            "name": "katzgrau/klogger",
            "version": "1.2.2",
            "source": {
                "type": "git",
                "url": "https://github.com/katzgrau/KLogger.git",
                "reference": "36481c69db9305169a2ceadead25c2acaabd567c"
            },
            "dist": {
                "type": "zip",
                "url": "https://api.github.com/repos/katzgrau/KLogger/zipball/36481c69db9305169a2ceadead25c2acaabd567c",
                "reference": "36481c69db9305169a2ceadead25c2acaabd567c",
                "shasum": ""
            },
            "require": {
                "php": ">=5.3",
                "psr/log": "^1.0.0"
            },
            "require-dev": {
                "phpunit/phpunit": "^6.0.0"
            },
            "type": "library",
            "autoload": {
                "psr-4": {
                    "Katzgrau\\KLogger\\": "src/"
                },
                "classmap": [
                    "src/"
                ]
            },
            "notification-url": "https://packagist.org/downloads/",
            "license": [
                "MIT"
            ],
            "authors": [
                {
                    "name": "Kenny Katzgrau",
                    "email": "katzgrau@gmail.com"
                },
                {
                    "name": "Dan Horrigan",
                    "email": "dan@dhorrigan.com"
                }
            ],
            "description": "A Simple Logging Class",
            "keywords": [
                "logging"
            ],
            "support": {
                "issues": "https://github.com/katzgrau/KLogger/issues",
                "source": "https://github.com/katzgrau/KLogger/tree/1.2.2"
            },
            "time": "2022-07-29T20:41:14+00:00"
        },
        {
            "name": "openpsa/universalfeedcreator",
            "version": "v1.9.0",
            "source": {
                "type": "git",
                "url": "https://github.com/flack/UniversalFeedCreator.git",
                "reference": "c55f908e867aa6dade0905b8aefb94fd9d8c1f9e"
            },
            "dist": {
                "type": "zip",
                "url": "https://api.github.com/repos/flack/UniversalFeedCreator/zipball/c55f908e867aa6dade0905b8aefb94fd9d8c1f9e",
                "reference": "c55f908e867aa6dade0905b8aefb94fd9d8c1f9e",
                "shasum": ""
            },
            "require": {
                "php": ">=5.2"
            },
            "require-dev": {
                "phpunit/phpunit": "^6.5.14 || ^7.5.20 || ^8.5.32 || ^9.5.10"
            },
            "type": "library",
            "autoload": {
                "files": [
                    "lib/constants.php"
                ],
                "classmap": [
                    "lib"
                ]
            },
            "notification-url": "https://packagist.org/downloads/",
            "license": [
                "LGPL-2.1-or-later"
            ],
            "authors": [
                {
                    "name": "Andreas Flack",
                    "email": "flack@contentcontrol-berlin.de",
                    "homepage": "http://www.contentcontrol-berlin.de/"
                }
            ],
            "description": "RSS and Atom feed generator by Kai Blankenhorn",
            "keywords": [
                "atom",
                "georss",
                "gpx",
                "opml",
                "pie",
                "rss"
            ],
            "support": {
                "issues": "https://github.com/flack/UniversalFeedCreator/issues",
                "source": "https://github.com/flack/UniversalFeedCreator/tree/v1.9.0"
            },
            "time": "2024-02-22T11:08:24+00:00"
        },
        {
            "name": "pclzip/pclzip",
            "version": "2.8.2",
            "source": {
                "type": "git",
                "url": "https://github.com/ivanlanin/pclzip.git",
                "reference": "19dd1de9d3f5fc4d7d70175b4c344dee329f45fd"
            },
            "dist": {
                "type": "zip",
                "url": "https://api.github.com/repos/ivanlanin/pclzip/zipball/19dd1de9d3f5fc4d7d70175b4c344dee329f45fd",
                "reference": "19dd1de9d3f5fc4d7d70175b4c344dee329f45fd",
                "shasum": ""
            },
            "type": "library",
            "autoload": {
                "classmap": [
                    "pclzip.lib.php"
                ]
            },
            "notification-url": "https://packagist.org/downloads/",
            "license": [
                "LGPL-2.1"
            ],
            "authors": [
                {
                    "name": "Vincent Blavet"
                }
            ],
            "description": "A PHP library that offers compression and extraction functions for Zip formatted archives",
            "homepage": "http://www.phpconcept.net/pclzip",
            "keywords": [
                "php",
                "zip"
            ],
            "support": {
                "issues": "https://github.com/ivanlanin/pclzip/issues",
                "source": "https://github.com/ivanlanin/pclzip/tree/master"
            },
            "time": "2014-06-05T11:42:24+00:00"
        },
        {
            "name": "psr/log",
            "version": "1.1.4",
            "source": {
                "type": "git",
                "url": "https://github.com/php-fig/log.git",
                "reference": "d49695b909c3b7628b6289db5479a1c204601f11"
            },
            "dist": {
                "type": "zip",
                "url": "https://api.github.com/repos/php-fig/log/zipball/d49695b909c3b7628b6289db5479a1c204601f11",
                "reference": "d49695b909c3b7628b6289db5479a1c204601f11",
                "shasum": ""
            },
            "require": {
                "php": ">=5.3.0"
            },
            "type": "library",
            "extra": {
                "branch-alias": {
                    "dev-master": "1.1.x-dev"
                }
            },
            "autoload": {
                "psr-4": {
                    "Psr\\Log\\": "Psr/Log/"
                }
            },
            "notification-url": "https://packagist.org/downloads/",
            "license": [
                "MIT"
            ],
            "authors": [
                {
                    "name": "PHP-FIG",
                    "homepage": "https://www.php-fig.org/"
                }
            ],
            "description": "Common interface for logging libraries",
            "homepage": "https://github.com/php-fig/log",
            "keywords": [
                "log",
                "psr",
                "psr-3"
            ],
            "support": {
                "source": "https://github.com/php-fig/log/tree/1.1.4"
            },
            "time": "2021-05-03T11:20:27+00:00"
        }
    ],
    "packages-dev": [],
    "aliases": [],
    "minimum-stability": "beta",
    "stability-flags": {
        "ahand/mobileesp": 20
    },
    "prefer-stable": true,
    "prefer-lowest": false,
    "platform": {
        "php": "^8.3"
    },
    "platform-dev": {},
    "plugin-api-version": "2.6.0"
}
