# This file is generated by running "yarn install" inside your project.
# Manual changes might be lost - proceed with caution!

__metadata:
  version: 8
  cacheKey: 10c0

"@fortawesome/fontawesome-free@npm:^6.6.0":
  version: 6.6.0
  resolution: "@fortawesome/fontawesome-free@npm:6.6.0"
  checksum: 10c0/35c55bfecac9eb4943cf94f4380093dbe286fa29ce593488252644322b83e28eecbac757cef3eabdff7b3df67fc531c4f6dce6a3b00236f5de0174e186a9b5bb
  languageName: node
  linkType: hard

"ansicolors@npm:~0.2.1":
  version: 0.2.1
  resolution: "ansicolors@npm:0.2.1"
  checksum: 10c0/90ed99a33f13b7d87c8ea6543bb94aff0b96c20aa59b8513d9c2f25f1839671bb3e0dc59f4be6cc955855f70709258bde71bcbd2c92d250d62e6024b0cd40cde
  languageName: node
  linkType: hard

"async@npm:^2.6.0":
  version: 2.6.3
  resolution: "async@npm:2.6.3"
  dependencies:
    lodash: "npm:^4.17.14"
  checksum: 10c0/06c917c74a55f9036ff79dedfc51dfc9c52c2dee2f80866b600495d2fd3037251dbcfde6592f23fc47398c44d844174004e0ee532f94c32a888bb89fd1cf0f25
  languageName: node
  linkType: hard

"bootstrap-material-design@npm:4.1.3":
  version: 4.1.3
  resolution: "bootstrap-material-design@npm:4.1.3"
  checksum: 10c0/02f2872e6ea0f91f998f2283d337b1c142a8e2de75fa96ca5247892c9404ac4c7b51214e01b69e463f40329ddc9bdbbb808cd1642f0fcd4c46503b7a8318d0ce
  languageName: node
  linkType: hard

"bootstrap-social@npm:^5.1.1":
  version: 5.1.1
  resolution: "bootstrap-social@npm:5.1.1"
  dependencies:
    bootstrap: "npm:~3"
    font-awesome: "npm:~4.7"
  checksum: 10c0/6898b211b1a0cc055c0784aef7c5cfd156959f91c7898eb5e0ae30dc94c153d1263663b266fee4c7f8868f897ed26bf9eb13174ae5df4fd8f687dccd12766bfd
  languageName: node
  linkType: hard

"bootstrap@npm:~3":
  version: 3.4.1
  resolution: "bootstrap@npm:3.4.1"
  checksum: 10c0/3ac443985a432fd77f1d6df2972d8f0a06e93bb0e10893fa890e6503e6d2b36e601f4a9894429223afa867c2232ead1af5c55ded4c23a64dc706ca25e49dc2da
  languageName: node
  linkType: hard

"cardinal@npm:^1.0.0":
  version: 1.0.0
  resolution: "cardinal@npm:1.0.0"
  dependencies:
    ansicolors: "npm:~0.2.1"
    redeyed: "npm:~1.0.0"
  bin:
    cdl: ./bin/cdl.js
  checksum: 10c0/907027370ed9380283ef3d6da6107eadac5f8ecbc10e6edb654d020d0959750b042129bc8e24a3be5cb56d603e736c1141d5c39cbc97dc8851892ecb3b6f0f3a
  languageName: node
  linkType: hard

"csv-parse@npm:^2.0.0":
  version: 2.5.0
  resolution: "csv-parse@npm:2.5.0"
  checksum: 10c0/53b7164d97d675962c48ace2d646207f636330d319a4efdc404fd79e5efac9100aed4d16602a8c871605d37983f5b7886cfd210ed4df3782b5fc012e4000a160
  languageName: node
  linkType: hard

"esprima@npm:~3.0.0":
  version: 3.0.0
  resolution: "esprima@npm:3.0.0"
  bin:
    esparse: ./bin/esparse.js
    esvalidate: ./bin/esvalidate.js
  checksum: 10c0/03cfe2d82ff507af12f542ea5e1f7b4ef56775bf1261a6fc1904b317ebd92e583d6ded290498b4b8958b5f252bdf789448db02cef956b7868bd092df79f788c9
  languageName: node
  linkType: hard

"font-awesome@npm:~4.7":
  version: 4.7.0
  resolution: "font-awesome@npm:4.7.0"
  checksum: 10c0/1c456e2939c55192eed67db9c0efb8db3e92fd357ca189ca00030eb44acffa1e9f835288d2204c14b9a9c490a7b14b7090dfaff80ded6b2473f50a923dfb41e7
  languageName: node
  linkType: hard

"humanize@npm:^0.0.9":
  version: 0.0.9
  resolution: "humanize@npm:0.0.9"
  checksum: 10c0/3cd5b44c1e9eb162e5b90c400e7be62f68e398a56fe7c6662aa647b6dd4c00dae5fe38b502c992e2c049cdd453b6351d0d414311638b3031091a090988d507a4
  languageName: node
  linkType: hard

"jQuery-Touch-Events@benmajor/jQuery-Touch-Events#2.0.3":
  version: 2.0.3
  resolution: "jQuery-Touch-Events@https://github.com/benmajor/jQuery-Touch-Events.git#commit=5db124d1c0ec506d48ff76789e471538d5f26497"
  checksum: 10c0/163a0f563df2bd571c052622441f881cfa830b3d2dc7c8c3b32eb15a83177d41aceaaf233fa6d06138738d78f1cdfefdf75073d9a0c96802e5be10f17668af9a
  languageName: node
  linkType: hard

"jquery-migrate@npm:^3.5.2":
  version: 3.5.2
  resolution: "jquery-migrate@npm:3.5.2"
  peerDependencies:
    jquery: ">=3 <4"
  checksum: 10c0/0993280da985b496297fab148322be523bb9e60fc1822c89765ce40dc7dddce93c46f2352db76aa67e7628ed63cf18694e4b8b5bebdc60a5c2b4ba2a221016a6
  languageName: node
  linkType: hard

"jquery@npm:^3.7.1":
  version: 3.7.1
  resolution: "jquery@npm:3.7.1"
  checksum: 10c0/808cfbfb758438560224bf26e17fcd5afc7419170230c810dd11f5c1792e2263e2970cca8d659eb84fcd9acc301edb6d310096e450277d54be4f57071b0c82d9
  languageName: node
  linkType: hard

"lodash@npm:^4.17.14":
  version: 4.17.15
  resolution: "lodash@npm:4.17.15"
  checksum: 10c0/c029ab298357d007252d5802348f1deb343099ba734ae6e6776a908e4995db5b8ed4ae51ff83a2937a1f6e3c41a0c8941eb941926e1a7f2ddfc3d235ec1e8aa7
  languageName: node
  linkType: hard

"microplugin@npm:0.0.3":
  version: 0.0.3
  resolution: "microplugin@npm:0.0.3"
  checksum: 10c0/8ae1675db45a3cfef1714fcfbab2f67c6694f3e755e2ba60e3bce444f99060d441250679340d3809b559477aff856035c3ad7adf2af6e0e40c27800e09eb0437
  languageName: node
  linkType: hard

"minimist@npm:~0.0.1":
  version: 0.0.10
  resolution: "minimist@npm:0.0.10"
  checksum: 10c0/c505a020144b6e49f2b1c7d1e378f3692b7102e989b4a49338fc171eb4229ddddb430e779ff803dcb11854050e3fe3c2298962a7d73c20df7c2044c92b2ba1da
  languageName: node
  linkType: hard

"optimist@npm:^0.6.1":
  version: 0.6.1
  resolution: "optimist@npm:0.6.1"
  dependencies:
    minimist: "npm:~0.0.1"
    wordwrap: "npm:~0.0.2"
  checksum: 10c0/8cb417328121e732dbfb4d94d53bb39b1406446b55323ed4ce787decc52394927e051ba879eb3ffa3171fe22a35ce13b460114b60effcead77443ee87c2f9b0f
  languageName: node
  linkType: hard

"photoswipe@npm:^5.4.4":
  version: 5.4.4
  resolution: "photoswipe@npm:5.4.4"
  checksum: 10c0/9a62a8ee4b87564f3d2067edfd7f168d07973e1e37b21cd4f548363b441d8192991a88d272a0f299de0e7c773e6c74367ebcf895f0e60ca919d52e1d2f3b0355
  languageName: node
  linkType: hard

"piwigo-bootstrap-darkroom@workspace:.":
  version: 0.0.0-use.local
  resolution: "piwigo-bootstrap-darkroom@workspace:."
  dependencies:
    "@fortawesome/fontawesome-free": "npm:^6.6.0"
    autoprefixer: "npm:^10.4.20"
    bootstrap: "npm:4.6.2"
    bootstrap-material-design: "npm:4.1.3"
    bootstrap-social: "npm:^5.1.1"
    bootswatch: "npm:4.6.2"
    clean-css-cli: "npm:^5.6.3"
    jQuery-Touch-Events: "benmajor/jQuery-Touch-Events#2.0.3"
    jquery: "npm:^3.7.1"
    jquery-migrate: "npm:^3.5.2"
    npm-run-all: "npm:^4.1.5"
    photoswipe: "patch:photoswipe@npm%3A5.4.4#~/.yarn/patches/photoswipe-npm-5.4.4-f7a755162f.patch"
    popper.js: "npm:^1.16.1"
    postcss: "npm:^8.4.47"
    postcss-cli: "npm:^11.0.0"
    sass: "npm:^1.80.4"
    selectize: "npm:0.12.6"
    slick-carousel: "tkuther/slick#1.8.1-pwg"
    typeface-pt-sans: "npm:^1.1.13"
    typeface-roboto: "npm:^1.1.13"
    uglify-js: "npm:^3.19.3"
  languageName: unknown
  linkType: soft

"popper.js@npm:^1.16.1":
  version: 1.16.1
  resolution: "popper.js@npm:1.16.1"
  checksum: 10c0/1c1a826f757edb5b8c2049dfd7a9febf6ae1e9d0e51342fc715b49a0c1020fced250d26484619883651e097c5764bbcacd2f31496e3646027f079dd83e072681
  languageName: node
  linkType: hard

"redeyed@npm:~1.0.0":
  version: 1.0.1
  resolution: "redeyed@npm:1.0.1"
  dependencies:
    esprima: "npm:~3.0.0"
  checksum: 10c0/ed4c873f5904739ef7efac957aab8cc5ab69bde594de7bc5c0b52298165ec895ca0cdd56042c0c1276c14075a1d64b26643e30fb669e2ca124336dea485ac415
  languageName: node
  linkType: hard

"selectize@npm:0.12.6":
  version: 0.12.6
  resolution: "selectize@npm:0.12.6"
  dependencies:
    microplugin: "npm:0.0.3"
    sifter: "npm:^0.5.1"
  peerDependencies:
    jquery: "*"
  checksum: 10c0/2f922b53882ab3869ac26da27f4456fe5f0666cfe28fe2fdfb03bbff43987a4bcfd4aa3b40b4b113baa47577934902424dab287fbffb5af13f44a7b696a6df08
  languageName: node
  linkType: hard

"sifter@npm:^0.5.1":
  version: 0.5.3
  resolution: "sifter@npm:0.5.3"
  dependencies:
    async: "npm:^2.6.0"
    cardinal: "npm:^1.0.0"
    csv-parse: "npm:^2.0.0"
    humanize: "npm:^0.0.9"
    optimist: "npm:^0.6.1"
  bin:
    sifter: ./bin/sifter.js
  checksum: 10c0/b1e4cc773ff85dcfdd4694c23cb746bfbe54884ecdb62128b38bddeafef4bdb357b9c3ba89d364c66e3983a5646223717421529cea10888692af54d685a4f37f
  languageName: node
  linkType: hard

"slick-carousel@tkuther/slick#1.8.1-pwg":
  version: 1.8.1
  resolution: "slick-carousel@https://github.com/tkuther/slick.git#commit=40e0c6933dac34ab97b69c5704f2613fc3cacf9b"
  peerDependencies:
    jquery: ">=1.8.0"
  checksum: 10c0/c0673214065aeedd2ae8604e041e46d0ca1ca2ce527f55a8db4cfda2273ab57f5e7fea68286490ec9451e653045d60bdc0d6b18c3ed0fe8b7be0838d950754ca
  languageName: node
  linkType: hard

"typeface-pt-sans@npm:^1.1.13":
  version: 1.1.13
  resolution: "typeface-pt-sans@npm:1.1.13"
  checksum: 10c0/e0ff427ebd75707e30c6aae64577724d56dcfd4ecc7052ae59f90b94e5dfba1f3d82b5bea746b988fe5fff7dc46800b4decbd0e44d4fbca6d224b6744facd633
  languageName: node
  linkType: hard

"typeface-roboto@npm:^1.1.13":
  version: 1.1.13
  resolution: "typeface-roboto@npm:1.1.13"
  checksum: 10c0/7a6caf5aa084d7e968311ab23415cb921f30bc6c89fe9886fb998b1095673cde2e5d77386a0249a3493f93ed58046c4685d4e718b08d129bc88fd46c798f37dd
  languageName: node
  linkType: hard

"wordwrap@npm:~0.0.2":
  version: 0.0.3
  resolution: "wordwrap@npm:0.0.3"
  checksum: 10c0/b3b212f8b2167091f59bc60929ada2166eb157abb6c8c82e2a705fe5aa5876440c3966ab39eb6c7bcb2ff0ac0c8d9fba726a9c2057b83bd65cdc1858f9d816ce
  languageName: node
  linkType: hard
